
Microsoft Visual Studio Solution File, Format Version 12.00
# Visual Studio Version 17
VisualStudioVersion = 17.6.33829.357
MinimumVisualStudioVersion = 10.0.40219.1
Project("{FAE04EC0-301F-11D3-BF4B-00C04F79EFBC}") = "DbBaglanti", "DbBaglanti\DbBaglanti.csproj", "{4B4F05E5-6225-4B71-AD93-86F76F02FE1A}"
EndProject
Global
	GlobalSection(SolutionConfigurationPlatforms) = preSolution
		Debug|Any CPU = Debug|Any CPU
		Release|Any CPU = Release|Any CPU
	EndGlobalSection
	GlobalSection(ProjectConfigurationPlatforms) = postSolution
		{4B4F05E5-6225-4B71-AD93-86F76F02FE1A}.Debug|Any CPU.ActiveCfg = Debug|Any CPU
		{4B4F05E5-6225-4B71-AD93-86F76F02FE1A}.Debug|Any CPU.Build.0 = Debug|Any CPU
		{4B4F05E5-6225-4B71-AD93-86F76F02FE1A}.Release|Any CPU.ActiveCfg = Release|Any CPU
		{4B4F05E5-6225-4B71-AD93-86F76F02FE1A}.Release|Any CPU.Build.0 = Release|Any CPU
	EndGlobalSection
	GlobalSection(SolutionProperties) = preSolution
		HideSolutionNode = FALSE
	EndGlobalSection
	GlobalSection(ExtensibilityGlobals) = postSolution
		SolutionGuid = {4527F9BB-C0FC-4FD8-AAA2-BB4F0B2C33FB}
	EndGlobalSection
EndGlobal
